
Microsoft Visual Studio Solution File, Format Version 12.00
# Visual Studio Version 17
VisualStudioVersion = 17.4.33213.308
MinimumVisualStudioVersion = 10.0.40219.1
Project("{9A19103F-16F7-4668-BE54-9A1E7A4F7556}") = "Utils.DotNetSign.Issue", "Utils.DotNetSign.Issue\Utils.DotNetSign.Issue.csproj", "{8F9159A3-2AAC-417E-A22D-180F642EEFAC}"
EndProject
Project("{2150E333-8FDC-42A3-9474-1A3956D46DE8}") = "Solution Items", "Solution Items", "{3A237694-FD60-4FC1-97BF-3ADBC3BCC961}"
	ProjectSection(SolutionItems) = preProject
		LICENSE = LICENSE
		README.md = README.md
	EndProjectSection
EndProject
Global
	GlobalSection(SolutionConfigurationPlatforms) = preSolution
		Debug|Any CPU = Debug|Any CPU
		Release|Any CPU = Release|Any CPU
	EndGlobalSection
	GlobalSection(ProjectConfigurationPlatforms) = postSolution
		{8F9159A3-2AAC-417E-A22D-180F642EEFAC}.Debug|Any CPU.ActiveCfg = Debug|Any CPU
		{8F9159A3-2AAC-417E-A22D-180F642EEFAC}.Debug|Any CPU.Build.0 = Debug|Any CPU
		{8F9159A3-2AAC-417E-A22D-180F642EEFAC}.Release|Any CPU.ActiveCfg = Release|Any CPU
		{8F9159A3-2AAC-417E-A22D-180F642EEFAC}.Release|Any CPU.Build.0 = Release|Any CPU
	EndGlobalSection
	GlobalSection(SolutionProperties) = preSolution
		HideSolutionNode = FALSE
	EndGlobalSection
	GlobalSection(ExtensibilityGlobals) = postSolution
		SolutionGuid = {E6DF3E2B-3BB7-4DC6-977E-D3A45D00221B}
	EndGlobalSection
EndGlobal
